{
  "name": "demo",
  "version": "1.0.0",
  "lockfileVersion": 1,
  "requires": true,
  "dependencies": {
    "llscw-demo1": {
      "version": "1.0.0",
      "resolved": "https://registry.npmjs.org/llscw-demo1/-/llscw-demo1-1.0.0.tgz",
      "integrity": "sha512-Qz/D6PocZbuEGQ1jEouLzabJwkNzkYhBYtHbu/ED3lbJy52s4MNoxf3uF9cLbObXQ9YxGhTON4AjMgamOsc1OA=="
    }
  }
}
