{
  "name": "json-schema",
  "version": "1.0.0",
  "lockfileVersion": 1,
  "requires": true,
  "dependencies": {
    "json-schema-traverse": {
      "version": "1.0.0",
      "resolved": "http://npm.idcvdian.com/json-schema-traverse/download/json-schema-traverse-1.0.0.tgz",
      "integrity": "sha1-rnvLNlard6c7pcSb9lTzjmtoYOI="
    }
  }
}
